Microsoft Visual Studio Solution File, Format Version 12.00
# Visual Studio Version 17
VisualStudioVersion = 17.5.2.0
MinimumVisualStudioVersion = 10.0.40219.1
Project("{FAE04EC0-301F-11D3-BF4B-00C04F79EFBC}") = "EcosystemSim", "EcosystemSim.csproj", "{BCE35AAA-3024-400A-A4E1-9AB4BF34A090}"
EndProject
Global
	GlobalSection(SolutionConfigurationPlatforms) = preSolution
		Debug|Any CPU = Debug|Any CPU
		Release|Any CPU = Release|Any CPU
	EndGlobalSection
	GlobalSection(ProjectConfigurationPlatforms) = postSolution
		{BCE35AAA-3024-400A-A4E1-9AB4BF34A090}.Debug|Any CPU.ActiveCfg = Debug|Any CPU
		{BCE35AAA-3024-400A-A4E1-9AB4BF34A090}.Debug|Any CPU.Build.0 = Debug|Any CPU
		{BCE35AAA-3024-400A-A4E1-9AB4BF34A090}.Release|Any CPU.ActiveCfg = Release|Any CPU
		{BCE35AAA-3024-400A-A4E1-9AB4BF34A090}.Release|Any CPU.Build.0 = Release|Any CPU
	EndGlobalSection
	GlobalSection(SolutionProperties) = preSolution
		HideSolutionNode = FALSE
	EndGlobalSection
	GlobalSection(ExtensibilityGlobals) = postSolution
		SolutionGuid = {F92DA665-E3C0-421A-A2AC-ADE0C9F14A11}
	EndGlobalSection
EndGlobal
